// !$*UTF8*$!
{
	archiveVersion = 1;
	classes = {
	};
	objectVersion = 46;
	objects = {

/* Begin PBXBuildFile section */
		94CC502D1DEBD1E9001A5057 /* AppDelegate.swift in Sources */ = {isa = PBXBuildFile; fileRef = 94CC502C1DEBD1E9001A5057 /* AppDelegate.swift */; };
		94CC502F1DEBD1E9001A5057 /* ViewController.swift in Sources */ = {isa = PBXBuildFile; fileRef = 94CC502E1DEBD1E9001A5057 /* ViewController.swift */; };
		94CC50321DEBD1E9001A5057 /* Main.storyboard in Resources */ = {isa = PBXBuildFile; fileRef = 94CC50301DEBD1E9001A5057 /* Main.storyboard */; };
		94CC50341DEBD1E9001A5057 /* Assets.xcassets in Resources */ = {isa = PBXBuildFile; fileRef = 94CC50331DEBD1E9001A5057 /* Assets.xcassets */; };
		94CC50371DEBD1E9001A5057 /* LaunchScreen.storyboard in Resources */ = {isa = PBXBuildFile; fileRef = 94CC50351DEBD1E9001A5057 /* LaunchScreen.storyboard */; };
/* End PBXBuildFile section */

/* Begin PBXFileReference section */
		94CC50291DEBD1E9001A5057 /* ToonSnaps.app */ = {isa = PBXFileReference; explicitFileType = wrapper.application; includeInIndex = 0; path = ToonSnaps.app; sourceTree = BUILT_PRODUCTS_DIR; };
		94CC502C1DEBD1E9001A5057 /* AppDelegate.swift */ = {isa = PBXFileReference; lastKnownFileType = sourcecode.swift; path = AppDelegate.swift; sourceTree = "<group>"; };
		94CC502E1DEBD1E9001A5057 /* ViewController.swift */ = {isa = PBXFileReference; lastKnownFileType = sourcecode.swift; path = ViewController.swift; sourceTree = "<group>"; };
		94CC50311DEBD1E9001A5057 /* Base */ = {isa = PBXFileReference; lastKnownFileType = file.storyboard; name = Base; path = Base.lproj/Main.storyboard; sourceTree = "<group>"; };
		94CC50331DEBD1E9001A5057 /* Assets.xcassets */ = {isa = PBXFileReference; lastKnownFileType = folder.assetcatalog; path = Assets.xcassets; sourceTree = "<group>"; };
		94CC50361DEBD1E9001A5057 /* Base */ = {isa = PBXFileReference; lastKnownFileType = file.storyboard; name = Base; path = Base.lproj/LaunchScreen.storyboard; sourceTree = "<group>"; };
		94CC50381DEBD1E9001A5057 /* Info.plist */ = {isa = PBXFileReference; lastKnownFileType = text.plist.xml; path = Info.plist; sourceTree = "<group>"; };
/* End PBXFileReference section */

/* Begin PBXFrameworksBuildPhase section */
		94CC50261DEBD1E9001A5057 /* Frameworks */ = {
			isa = PBXFrameworksBuildPhase;
			buildActionMask = 2147483647;
			files = (
			);
			runOnlyForDeploymentPostprocessing = 0;
		};
/* End PBXFrameworksBuildPhase section */

/* Begin PBXGroup section */
		94CC50201DEBD1E9001A5057 = {
			isa = PBXGroup;
			children = (
				94CC502B1DEBD1E9001A5057 /* ToonSnaps */,
				94CC502A1DEBD1E9001A5057 /* Products */,
			);
			sourceTree = "<group>";
		};
		94CC502A1DEBD1E9001A5057 /* Products */ = {
			isa = PBXGroup;
			children = (
				94CC50291DEBD1E9001A5057 /* ToonSnaps.app */,
			);
			name = Products;
			sourceTree = "<group>";
		};
		94CC502B1DEBD1E9001A5057 /* ToonSnaps */ = {
			isa = PBXGroup;
			children = (
				94CC502C1DEBD1E9001A5057 /* AppDelegate.swift */,
				94CC502E1DEBD1E9001A5057 /* ViewController.swift */,
				94CC50301DEBD1E9001A5057 /* Main.storyboard */,
				94CC50331DEBD1E9001A5057 /* Assets.xcassets */,
				94CC50351DEBD1E9001A5057 /* LaunchScreen.storyboard */,
				94CC50381DEBD1E9001A5057 /* Info.plist */,
			);
			path = ToonSnaps;
			sourceTree = "<group>";
		};
/* End PBXGroup section */

/* Begin PBXNativeTarget section */
		94CC50281DEBD1E9001A5057 /* ToonSnaps */ = {
			isa = PBXNativeTarget;
			buildConfigurationList = 94CC503B1DEBD1E9001A5057 /* Build configuration list for PBXNativeTarget "ToonSnaps" */;
			buildPhases = (
				94CC50251DEBD1E9001A5057 /* Sources */,
				94CC50261DEBD1E9001A5057 /* Frameworks */,
				94CC50271DEBD1E9001A5057 /* Resources */,
			);
			buildRules = (
			);
			dependencies = (
			);
			name = ToonSnaps;
			productName = ToonSnaps;
			productReference = 94CC50291DEBD1E9001A5057 /* ToonSnaps.app */;
			productType = "com.apple.product-type.application";
		};
/* End PBXNativeTarget section */

/* Begin PBXProject section */
		94CC50211DEBD1E9001A5057 /* Project object */ = {
			isa = PBXProject;
			attributes = {
				LastSwiftUpdateCheck = 0810;
				LastUpgradeCheck = 0810;
				ORGANIZATIONNAME = RiglerDigital;
				TargetAttributes = {
					94CC50281DEBD1E9001A5057 = {
						CreatedOnToolsVersion = 8.1;
						DevelopmentTeam = 9B6L668UHZ;
						ProvisioningStyle = Automatic;
					};
				};
			};
			buildConfigurationList = 94CC50241DEBD1E9001A5057 /* Build configuration list for PBXProject "ToonSnaps" */;
			compatibilityVersion = "Xcode 3.2";
			developmentRegion = English;
			hasScannedForEncodings = 0;
			knownRegions = (
				en,
				Base,
			);
			mainGroup = 94CC50201DEBD1E9001A5057;
			productRefGroup = 94CC502A1DEBD1E9001A5057 /* Products */;
			projectDirPath = "";
			projectRoot = "";
			targets = (
				94CC50281DEBD1E9001A5057 /* ToonSnaps */,
			);
		};
/* End PBXProject section */

/* Begin PBXResourcesBuildPhase section */
		94CC50271DEBD1E9001A5057 /* Resources */ = {
			isa = PBXResourcesBuildPhase;
			buildActionMask = 2147483647;
			files = (
				94CC50371DEBD1E9001A5057 /* LaunchScreen.storyboard in Resources */,
				94CC50341DEBD1E9001A5057 /* Assets.xcassets in Resources */,
				94CC50321DEBD1E9001A5057 /* Main.storyboard in Resources */,
			);
			runOnlyForDeploymentPostprocessing = 0;
		};
/* End PBXResourcesBuildPhase section */

/* Begin PBXSourcesBuildPhase section */
		94CC50251DEBD1E9001A5057 /* Sources */ = {
			isa = PBXSourcesBuildPhase;
			buildActionMask = 2147483647;
			files = (
				94CC502F1DEBD1E9001A5057 /* ViewController.swift in Sources */,
				94CC502D1DEBD1E9001A5057 /* AppDelegate.swift in Sources */,
			);
			runOnlyForDeploymentPostprocessing = 0;
		};
/* End PBXSourcesBuildPhase section */

/* Begin PBXVariantGroup section */
		94CC50301DEBD1E9001A5057 /* Main.storyboard */ = {
			isa = PBXVariantGroup;
			children = (
				94CC50311DEBD1E9001A5057 /* Base */,
			);
			name = Main.storyboard;
			sourceTree = "<group>";
		};
		94CC50351DEBD1E9001A5057 /* LaunchScreen.storyboard */ = {
			isa = PBXVariantGroup;
			children = (
				94CC50361DEBD1E9001A5057 /* Base */,
			);
			name = LaunchScreen.storyboard;
			sourceTree = "<group>";
		};
/* End PBXVariantGroup section */

/* Begin XCBuildConfiguration section */
		94CC50391DEBD1E9001A5057 /* Debug */ = {
			isa = XCBuildConfiguration;
			buildSettings = {
				ALWAYS_SEARCH_USER_PATHS = NO;
				CLANG_ANALYZER_NONNULL = YES;
				CLANG_CXX_LANGUAGE_STANDARD = "gnu++0x";
				CLANG_CXX_LIBRARY = "libc++";
				CLANG_ENABLE_MODULES = YES;
				CLANG_ENABLE_OBJC_ARC = YES;
				CLANG_WARN_BOOL_CONVERSION = YES;
				CLANG_WARN_CONSTANT_CONVERSION = YES;
				CLANG_WARN_DIRECT_OBJC_ISA_USAGE = YES_ERROR;
				CLANG_WARN_DOCUMENTATION_COMMENTS = YES;
				CLANG_WARN_EMPTY_BODY = YES;
				CLANG_WARN_ENUM_CONVERSION = YES;
				CLANG_WARN_INFINITE_RECURSION = YES;
				CLANG_WARN_INT_CONVERSION = YES;
				CLANG_WARN_OBJC_ROOT_CLASS = YES_ERROR;
				CLANG_WARN_SUSPICIOUS_MOVES = YES;
				CLANG_WARN_UNREACHABLE_CODE = YES;
				CLANG_WARN__DUPLICATE_METHOD_MATCH = YES;
				"CODE_SIGN_IDENTITY[sdk=iphoneos*]" = "iPhone Developer";
				COPY_PHASE_STRIP = NO;
				DEBUG_INFORMATION_FORMAT = dwarf;
				ENABLE_STRICT_OBJC_MSGSEND = YES;
				ENABLE_TESTABILITY = YES;
				GCC_C_LANGUAGE_STANDARD = gnu99;
				GCC_DYNAMIC_NO_PIC = NO;
				GCC_NO_COMMON_BLOCKS = YES;
				GCC_OPTIMIZATION_LEVEL = 0;
				GCC_PREPROCESSOR_DEFINITIONS = (
					"DEBUG=1",
					"$(inherited)",
				);
				GCC_WARN_64_TO_32_BIT_CONVERSION = YES;
				GCC_WARN_ABOUT_RETURN_TYPE = YES_ERROR;
				GCC_WARN_UNDECLARED_SELECTOR = YES;
				GCC_WARN_UNINITIALIZED_AUTOS = YES_AGGRESSIVE;
				GCC_WARN_UNUSED_FUNCTION = YES;
				GCC_WARN_UNUSED_VARIABLE = YES;
				IPHONEOS_DEPLOYMENT_TARGET = 10.1;
				MTL_ENABLE_DEBUG_INFO = YES;
				ONLY_ACTIVE_ARCH = YES;
				SDKROOT = iphoneos;
				SWIFT_ACTIVE_COMPILATION_CONDITIONS = DEBUG;
				SWIFT_OPTIMIZATION_LEVEL = "-Onone";
				TARGETED_DEVICE_FAMILY = "1,2";
			};
			name = Debug;
		};
		94CC503A1DEBD1E9001A5057 /* Release */ = {
			isa = XCBuildConfiguration;
			buildSettings = {
				ALWAYS_SEARCH_USER_PATHS = NO;
				CLANG_ANALYZER_NONNULL = YES;
				CLANG_CXX_LANGUAGE_STANDARD = "gnu++0x";
				CLANG_CXX_LIBRARY = "libc++";
				CLANG_ENABLE_MODULES = YES;
				CLANG_ENABLE_OBJC_ARC = YES;
				CLANG_WARN_BOOL_CONVERSION = YES;
				CLANG_WARN_CONSTANT_CONVERSION = YES;
				CLANG_WARN_DIRECT_OBJC_ISA_USAGE = YES_ERROR;
				CLANG_WARN_DOCUMENTATION_COMMENTS = YES;
				CLANG_WARN_EMPTY_BODY = YES;
				CLANG_WARN_ENUM_CONVERSION = YES;
				CLANG_WARN_INFINITE_RECURSION = YES;
				CLANG_WARN_INT_CONVERSION = YES;
				CLANG_WARN_OBJC_ROOT_CLASS = YES_ERROR;
				CLANG_WARN_SUSPICIOUS_MOVES = YES;
				CLANG_WARN_UNREACHABLE_CODE = YES;
				CLANG_WARN__DUPLICATE_METHOD_MATCH = YES;
				"CODE_SIGN_IDENTITY[sdk=iphoneos*]" = "iPhone Developer";
				COPY_PHASE_STRIP = NO;
				DEBUG_INFORMATION_FORMAT = "dwarf-with-dsym";
				ENABLE_NS_ASSERTIONS = NO;
				ENABLE_STRICT_OBJC_MSGSEND = YES;
				GCC_C_LANGUAGE_STANDARD = gnu99;
				GCC_NO_COMMON_BLOCKS = YES;
				GCC_WARN_64_TO_32_BIT_CONVERSION = YES;
				GCC_WARN_ABOUT_RETURN_TYPE = YES_ERROR;
				GCC_WARN_UNDECLARED_SELECTOR = YES;
				GCC_WARN_UNINITIALIZED_AUTOS = YES_AGGRESSIVE;
				GCC_WARN_UNUSED_FUNCTION = YES;
				GCC_WARN_UNUSED_VARIABLE = YES;
				IPHONEOS_DEPLOYMENT_TARGET = 10.1;
				MTL_ENABLE_DEBUG_INFO = NO;
				SDKROOT = iphoneos;
				SWIFT_OPTIMIZATION_LEVEL = "-Owholemodule";
				TARGETED_DEVICE_FAMILY = "1,2";
				VALIDATE_PRODUCT = YES;
			};
			name = Release;
		};
		94CC503C1DEBD1E9001A5057 /* Debug */ = {
			isa = XCBuildConfiguration;
			buildSettings = {
				ASSETCATALOG_COMPILER_APPICON_NAME = AppIcon;
				DEVELOPMENT_TEAM = 9B6L668UHZ;
				INFOPLIST_FILE = ToonSnaps/Info.plist;
				LD_RUNPATH_SEARCH_PATHS = "$(inherited) @executable_path/Frameworks";
				PRODUCT_BUNDLE_IDENTIFIER = com.riglerdigital.ToonSnaps;
				PRODUCT_NAME = "$(TARGET_NAME)";
				SWIFT_VERSION = 3.0;
			};
			name = Debug;
		};
		94CC503D1DEBD1E9001A5057 /* Release */ = {
			isa = XCBuildConfiguration;
			buildSettings = {
				ASSETCATALOG_COMPILER_APPICON_NAME = AppIcon;
				DEVELOPMENT_TEAM = 9B6L668UHZ;
				INFOPLIST_FILE = ToonSnaps/Info.plist;
				LD_RUNPATH_SEARCH_PATHS = "$(inherited) @executable_path/Frameworks";
				PRODUCT_BUNDLE_IDENTIFIER = com.riglerdigital.ToonSnaps;
				PRODUCT_NAME = "$(TARGET_NAME)";
				SWIFT_VERSION = 3.0;
			};
			name = Release;
		};
/* End XCBuildConfiguration section */

/* Begin XCConfigurationList section */
		94CC50241DEBD1E9001A5057 /* Build configuration list for PBXProject "ToonSnaps" */ = {
			isa = XCConfigurationList;
			buildConfigurations = (
				94CC50391DEBD1E9001A5057 /* Debug */,
				94CC503A1DEBD1E9001A5057 /* Release */,
			);
			defaultConfigurationIsVisible = 0;
			defaultConfigurationName = Release;
		};
		94CC503B1DEBD1E9001A5057 /* Build configuration list for PBXNativeTarget "ToonSnaps" */ = {
			isa = XCConfigurationList;
			buildConfigurations = (
				94CC503C1DEBD1E9001A5057 /* Debug */,
				94CC503D1DEBD1E9001A5057 /* Release */,
			);
			defaultConfigurationIsVisible = 0;
		};
/* End XCConfigurationList section */
	};
	rootObject = 94CC50211DEBD1E9001A5057 /* Project object */;
}
